
Microsoft Visual Studio Solution File, Format Version 12.00
# Visual Studio 15
VisualStudioVersion = 15.0.27130.2026
MinimumVisualStudioVersion = 10.0.40219.1
Project("{9A19103F-16F7-4668-BE54-9A1E7A4F7556}") = "F1ConsoleApp", "F1ConsoleApp\F1ConsoleApp.csproj", "{1FB96544-C65A-4962-BC93-43071BA660FC}"
EndProject
Project("{FAE04EC0-301F-11D3-BF4B-00C04F79EFBC}") = "TelemetricoW", "TelemetricoW\TelemetricoW.csproj", "{27E1303E-B8EC-4051-964C-8CFA22820688}"
EndProject
Global
	GlobalSection(SolutionConfigurationPlatforms) = preSolution
		Debug|Any CPU = Debug|Any CPU
		Release|Any CPU = Release|Any CPU
	EndGlobalSection
	GlobalSection(ProjectConfigurationPlatforms) = postSolution
		{1FB96544-C65A-4962-BC93-43071BA660FC}.Debug|Any CPU.ActiveCfg = Debug|Any CPU
		{1FB96544-C65A-4962-BC93-43071BA660FC}.Debug|Any CPU.Build.0 = Debug|Any CPU
		{1FB96544-C65A-4962-BC93-43071BA660FC}.Release|Any CPU.ActiveCfg = Release|Any CPU
		{1FB96544-C65A-4962-BC93-43071BA660FC}.Release|Any CPU.Build.0 = Release|Any CPU
		{27E1303E-B8EC-4051-964C-8CFA22820688}.Debug|Any CPU.ActiveCfg = Debug|Any CPU
		{27E1303E-B8EC-4051-964C-8CFA22820688}.Debug|Any CPU.Build.0 = Debug|Any CPU
		{27E1303E-B8EC-4051-964C-8CFA22820688}.Release|Any CPU.ActiveCfg = Release|Any CPU
		{27E1303E-B8EC-4051-964C-8CFA22820688}.Release|Any CPU.Build.0 = Release|Any CPU
	EndGlobalSection
	GlobalSection(SolutionProperties) = preSolution
		HideSolutionNode = FALSE
	EndGlobalSection
	GlobalSection(ExtensibilityGlobals) = postSolution
		SolutionGuid = {175214FB-52A7-45CE-A4B0-1BB118312211}
	EndGlobalSection
EndGlobal
